
Microsoft Visual Studio Solution File, Format Version 12.00
# Visual Studio Version 17
VisualStudioVersion = 17.0.32112.339
MinimumVisualStudioVersion = 10.0.40219.1
Project("{9A19103F-16F7-4668-BE54-9A1E7A4F7556}") = "WebApplication1", "WebApplication1\WebApplication1.csproj", "{A91D37E8-820A-47EB-8464-3E2ACF71E469}"
EndProject
Project("{FAE04EC0-301F-11D3-BF4B-00C04F79EFBC}") = "Contracts", "Contracts\Contracts.csproj", "{C4B9589C-8103-4478-86A5-D62340A97705}"
EndProject
Project("{FAE04EC0-301F-11D3-BF4B-00C04F79EFBC}") = "LoggerService", "LoggerService\LoggerService.csproj", "{37701502-8242-4A0D-BEE6-C3C453EC31F7}"
EndProject
Project("{FAE04EC0-301F-11D3-BF4B-00C04F79EFBC}") = "Entities", "Entities\Entities.csproj", "{D3B794A3-B3DA-49FC-84F1-AB5078AA78CC}"
EndProject
Global
	GlobalSection(SolutionConfigurationPlatforms) = preSolution
		Debug|Any CPU = Debug|Any CPU
		Release|Any CPU = Release|Any CPU
	EndGlobalSection
	GlobalSection(ProjectConfigurationPlatforms) = postSolution
		{A91D37E8-820A-47EB-8464-3E2ACF71E469}.Debug|Any CPU.ActiveCfg = Debug|Any CPU
		{A91D37E8-820A-47EB-8464-3E2ACF71E469}.Debug|Any CPU.Build.0 = Debug|Any CPU
		{A91D37E8-820A-47EB-8464-3E2ACF71E469}.Release|Any CPU.ActiveCfg = Release|Any CPU
		{A91D37E8-820A-47EB-8464-3E2ACF71E469}.Release|Any CPU.Build.0 = Release|Any CPU
		{C4B9589C-8103-4478-86A5-D62340A97705}.Debug|Any CPU.ActiveCfg = Debug|Any CPU
		{C4B9589C-8103-4478-86A5-D62340A97705}.Debug|Any CPU.Build.0 = Debug|Any CPU
		{C4B9589C-8103-4478-86A5-D62340A97705}.Release|Any CPU.ActiveCfg = Release|Any CPU
		{C4B9589C-8103-4478-86A5-D62340A97705}.Release|Any CPU.Build.0 = Release|Any CPU
		{37701502-8242-4A0D-BEE6-C3C453EC31F7}.Debug|Any CPU.ActiveCfg = Debug|Any CPU
		{37701502-8242-4A0D-BEE6-C3C453EC31F7}.Debug|Any CPU.Build.0 = Debug|Any CPU
		{37701502-8242-4A0D-BEE6-C3C453EC31F7}.Release|Any CPU.ActiveCfg = Release|Any CPU
		{37701502-8242-4A0D-BEE6-C3C453EC31F7}.Release|Any CPU.Build.0 = Release|Any CPU
		{D3B794A3-B3DA-49FC-84F1-AB5078AA78CC}.Debug|Any CPU.ActiveCfg = Debug|Any CPU
		{D3B794A3-B3DA-49FC-84F1-AB5078AA78CC}.Debug|Any CPU.Build.0 = Debug|Any CPU
		{D3B794A3-B3DA-49FC-84F1-AB5078AA78CC}.Release|Any CPU.ActiveCfg = Release|Any CPU
		{D3B794A3-B3DA-49FC-84F1-AB5078AA78CC}.Release|Any CPU.Build.0 = Release|Any CPU
	EndGlobalSection
	GlobalSection(SolutionProperties) = preSolution
		HideSolutionNode = FALSE
	EndGlobalSection
	GlobalSection(ExtensibilityGlobals) = postSolution
		SolutionGuid = {23783E8A-8521-47A0-B564-2342B19FE840}
	EndGlobalSection
EndGlobal
